
Microsoft Visual Studio Solution File, Format Version 12.00
# Visual Studio Version 17
VisualStudioVersion = 17.6.33815.320
MinimumVisualStudioVersion = 10.0.40219.1
Project("{FAE04EC0-301F-11D3-BF4B-00C04F79EFBC}") = "AccountControlPanel_AspNetCore6", "AccountControlPanel_AspNetCore6\AccountControlPanel_AspNetCore6.csproj", "{39037675-9F92-4F8B-A343-67A403C047E1}"
EndProject
Project("{FAE04EC0-301F-11D3-BF4B-00C04F79EFBC}") = "Entities", "Entities\Entities.csproj", "{162FD802-0E27-48CD-9E5D-D984C836892E}"
EndProject
Project("{FAE04EC0-301F-11D3-BF4B-00C04F79EFBC}") = "DataAccess", "DataAccess\DataAccess.csproj", "{CBBDEF2A-118C-4C50-BD88-CF7E37475C0E}"
EndProject
Project("{FAE04EC0-301F-11D3-BF4B-00C04F79EFBC}") = "Business", "Business\Business.csproj", "{AB07C272-E01D-43BD-8BD7-3166CA3F16E9}"
EndProject
Global
	GlobalSection(SolutionConfigurationPlatforms) = preSolution
		Debug|Any CPU = Debug|Any CPU
		Release|Any CPU = Release|Any CPU
	EndGlobalSection
	GlobalSection(ProjectConfigurationPlatforms) = postSolution
		{39037675-9F92-4F8B-A343-67A403C047E1}.Debug|Any CPU.ActiveCfg = Debug|Any CPU
		{39037675-9F92-4F8B-A343-67A403C047E1}.Debug|Any CPU.Build.0 = Debug|Any CPU
		{39037675-9F92-4F8B-A343-67A403C047E1}.Release|Any CPU.ActiveCfg = Release|Any CPU
		{39037675-9F92-4F8B-A343-67A403C047E1}.Release|Any CPU.Build.0 = Release|Any CPU
		{162FD802-0E27-48CD-9E5D-D984C836892E}.Debug|Any CPU.ActiveCfg = Debug|Any CPU
		{162FD802-0E27-48CD-9E5D-D984C836892E}.Debug|Any CPU.Build.0 = Debug|Any CPU
		{162FD802-0E27-48CD-9E5D-D984C836892E}.Release|Any CPU.ActiveCfg = Release|Any CPU
		{162FD802-0E27-48CD-9E5D-D984C836892E}.Release|Any CPU.Build.0 = Release|Any CPU
		{CBBDEF2A-118C-4C50-BD88-CF7E37475C0E}.Debug|Any CPU.ActiveCfg = Debug|Any CPU
		{CBBDEF2A-118C-4C50-BD88-CF7E37475C0E}.Debug|Any CPU.Build.0 = Debug|Any CPU
		{CBBDEF2A-118C-4C50-BD88-CF7E37475C0E}.Release|Any CPU.ActiveCfg = Release|Any CPU
		{CBBDEF2A-118C-4C50-BD88-CF7E37475C0E}.Release|Any CPU.Build.0 = Release|Any CPU
		{AB07C272-E01D-43BD-8BD7-3166CA3F16E9}.Debug|Any CPU.ActiveCfg = Debug|Any CPU
		{AB07C272-E01D-43BD-8BD7-3166CA3F16E9}.Debug|Any CPU.Build.0 = Debug|Any CPU
		{AB07C272-E01D-43BD-8BD7-3166CA3F16E9}.Release|Any CPU.ActiveCfg = Release|Any CPU
		{AB07C272-E01D-43BD-8BD7-3166CA3F16E9}.Release|Any CPU.Build.0 = Release|Any CPU
	EndGlobalSection
	GlobalSection(SolutionProperties) = preSolution
		HideSolutionNode = FALSE
	EndGlobalSection
	GlobalSection(ExtensibilityGlobals) = postSolution
		SolutionGuid = {62EF6FE6-2971-482B-8237-8F81F381A195}
	EndGlobalSection
EndGlobal
